// !$*UTF8*$!
{
	archiveVersion = 1;
	classes = {
	};
	objectVersion = 46;
	objects = {

/* Begin PBXBuildFile section */
		3B77CCD5177CCC4100379106 /* sad-512@2x.png in Resources */ = {isa = PBXBuildFile; fileRef = 3B77CCD4177CCC4100379106 /* sad-512@2x.png */; };
		3BAD9CAA1772B2B200F6FFCA /* UIKit.framework in Frameworks */ = {isa = PBXBuildFile; fileRef = 3BAD9CA91772B2B200F6FFCA /* UIKit.framework */; };
		3BAD9CAC1772B2B200F6FFCA /* Foundation.framework in Frameworks */ = {isa = PBXBuildFile; fileRef = 3BAD9CAB1772B2B200F6FFCA /* Foundation.framework */; };
		3BAD9CAE1772B2B200F6FFCA /* CoreGraphics.framework in Frameworks */ = {isa = PBXBuildFile; fileRef = 3BAD9CAD1772B2B200F6FFCA /* CoreGraphics.framework */; };
		3BAD9CB41772B2B200F6FFCA /* InfoPlist.strings in Resources */ = {isa = PBXBuildFile; fileRef = 3BAD9CB21772B2B200F6FFCA /* InfoPlist.strings */; };
		3BAD9CB61772B2B200F6FFCA /* main.m in Sources */ = {isa = PBXBuildFile; fileRef = 3BAD9CB51772B2B200F6FFCA /* main.m */; };
		3BAD9CBA1772B2B200F6FFCA /* TFAppDelegate.m in Sources */ = {isa = PBXBuildFile; fileRef = 3BAD9CB91772B2B200F6FFCA /* TFAppDelegate.m */; };
		3BAD9CBC1772B2B200F6FFCA /* Default.png in Resources */ = {isa = PBXBuildFile; fileRef = 3BAD9CBB1772B2B200F6FFCA /* Default.png */; };
		3BAD9CBE1772B2B200F6FFCA /* Default@2x.png in Resources */ = {isa = PBXBuildFile; fileRef = 3BAD9CBD1772B2B200F6FFCA /* Default@2x.png */; };
		3BAD9CC01772B2B200F6FFCA /* Default-568h@2x.png in Resources */ = {isa = PBXBuildFile; fileRef = 3BAD9CBF1772B2B200F6FFCA /* Default-568h@2x.png */; };
		3BAD9CD11772B64400F6FFCA /* Accounts.framework in Frameworks */ = {isa = PBXBuildFile; fileRef = 3BAD9CD01772B64300F6FFCA /* Accounts.framework */; };
		3BAD9CD31772B65800F6FFCA /* libsqlite3.dylib in Frameworks */ = {isa = PBXBuildFile; fileRef = 3BAD9CD21772B65800F6FFCA /* libsqlite3.dylib */; };
		3BAD9CD51772B66900F6FFCA /* Social.framework in Frameworks */ = {isa = PBXBuildFile; fileRef = 3BAD9CD41772B66900F6FFCA /* Social.framework */; };
		3BAD9CD91772B6A800F6FFCA /* AdSupport.framework in Frameworks */ = {isa = PBXBuildFile; fileRef = 3BAD9CD81772B6A800F6FFCA /* AdSupport.framework */; };
		3BAD9CDB1772B73000F6FFCA /* Security.framework in Frameworks */ = {isa = PBXBuildFile; fileRef = 3BAD9CDA1772B73000F6FFCA /* Security.framework */; };
		3BAD9CDF17733E7B00F6FFCA /* TFFeedCell.m in Sources */ = {isa = PBXBuildFile; fileRef = 3BAD9CDE17733E7B00F6FFCA /* TFFeedCell.m */; };
		3BAD9CE117733F1C00F6FFCA /* TFFeedCell.xib in Resources */ = {isa = PBXBuildFile; fileRef = 3BAD9CE017733F1C00F6FFCA /* TFFeedCell.xib */; };
		3BAD9CE31773423B00F6FFCA /* QuartzCore.framework in Frameworks */ = {isa = PBXBuildFile; fileRef = 3BAD9CE21773423B00F6FFCA /* QuartzCore.framework */; };
		3BAD9CE51773429E00F6FFCA /* CoreLocation.framework in Frameworks */ = {isa = PBXBuildFile; fileRef = 3BAD9CE41773429E00F6FFCA /* CoreLocation.framework */; };
		3BAD9CEA177342C400F6FFCA /* MapKit.framework in Frameworks */ = {isa = PBXBuildFile; fileRef = 3BAD9CE9177342C400F6FFCA /* MapKit.framework */; };
		3BAD9CEC177342F300F6FFCA /* AVFoundation.framework in Frameworks */ = {isa = PBXBuildFile; fileRef = 3BAD9CEB177342F300F6FFCA /* AVFoundation.framework */; };
		3BAD9CEE177342FD00F6FFCA /* CoreData.framework in Frameworks */ = {isa = PBXBuildFile; fileRef = 3BAD9CED177342FD00F6FFCA /* CoreData.framework */; };
		3BAD9CF01773431F00F6FFCA /* SystemConfiguration.framework in Frameworks */ = {isa = PBXBuildFile; fileRef = 3BAD9CEF1773431F00F6FFCA /* SystemConfiguration.framework */; };
		3BAD9CF21773433B00F6FFCA /* MobileCoreServices.framework in Frameworks */ = {isa = PBXBuildFile; fileRef = 3BAD9CF11773433B00F6FFCA /* MobileCoreServices.framework */; };
		3BAD9D001773499F00F6FFCA /* menu@2x.png in Resources */ = {isa = PBXBuildFile; fileRef = 3BAD9CFF1773499F00F6FFCA /* menu@2x.png */; };
		3BAD9D09177352F600F6FFCA /* TFCategory.m in Sources */ = {isa = PBXBuildFile; fileRef = 3BAD9D08177352F600F6FFCA /* TFCategory.m */; };
		3BAD9D0C1773532800F6FFCA /* TFAPIClient.m in Sources */ = {isa = PBXBuildFile; fileRef = 3BAD9D0B1773532800F6FFCA /* TFAPIClient.m */; };
		3BAD9D0F177355D300F6FFCA /* TFCategories.m in Sources */ = {isa = PBXBuildFile; fileRef = 3BAD9D0E177355D300F6FFCA /* TFCategories.m */; };
		3BAD9D2D1773993600F6FFCA /* TFFeedDataSource.m in Sources */ = {isa = PBXBuildFile; fileRef = 3BAD9D2C1773993600F6FFCA /* TFFeedDataSource.m */; };
		3BAD9D3017739AF400F6FFCA /* TFTweetsAdapter.m in Sources */ = {isa = PBXBuildFile; fileRef = 3BAD9D2F17739AF200F6FFCA /* TFTweetsAdapter.m */; };
		3BAD9D331773A06C00F6FFCA /* TFTweet.m in Sources */ = {isa = PBXBuildFile; fileRef = 3BAD9D321773A06C00F6FFCA /* TFTweet.m */; };
		3BAD9D361773CC7100F6FFCA /* TFCategoryCell.m in Sources */ = {isa = PBXBuildFile; fileRef = 3BAD9D351773CC7100F6FFCA /* TFCategoryCell.m */; };
		3BE388FA1774F48E0051FF39 /* star@2x.png in Resources */ = {isa = PBXBuildFile; fileRef = 3BE388F91774F48E0051FF39 /* star@2x.png */; };
		3BE388FC1774F4970051FF39 /* outline-star@2x.png in Resources */ = {isa = PBXBuildFile; fileRef = 3BE388FB1774F4970051FF39 /* outline-star@2x.png */; };
		3BE388FE1774F50F0051FF39 /* add_file-64.png in Resources */ = {isa = PBXBuildFile; fileRef = 3BE388FD1774F50F0051FF39 /* add_file-64.png */; };
		3BE389001774F62A0051FF39 /* list-64.png in Resources */ = {isa = PBXBuildFile; fileRef = 3BE388FF1774F62A0051FF39 /* list-64.png */; };
		3BE389041777BC700051FF39 /* TFEditCategoryCell.xib in Resources */ = {isa = PBXBuildFile; fileRef = 3BE389031777BC700051FF39 /* TFEditCategoryCell.xib */; };
		3BE389071777BC840051FF39 /* TFEditCategoryCell.m in Sources */ = {isa = PBXBuildFile; fileRef = 3BE389061777BC840051FF39 /* TFEditCategoryCell.m */; };
		3BE3890B1778A7260051FF39 /* TFTweetViewController.m in Sources */ = {isa = PBXBuildFile; fileRef = 3BE389091778A7250051FF39 /* TFTweetViewController.m */; };
		3BE3890C1778A7260051FF39 /* TFTweetViewController.xib in Resources */ = {isa = PBXBuildFile; fileRef = 3BE3890A1778A7250051FF39 /* TFTweetViewController.xib */; };
		3BE3890F1778C4D20051FF39 /* TFTheme.m in Sources */ = {isa = PBXBuildFile; fileRef = 3BE3890E1778C4D20051FF39 /* TFTheme.m */; };
		3BE389111778CA250051FF39 /* nav-menu-icon@2x.png in Resources */ = {isa = PBXBuildFile; fileRef = 3BE389101778CA250051FF39 /* nav-menu-icon@2x.png */; };
		3BE389131778CCC30051FF39 /* nav-back-icon@2x.png in Resources */ = {isa = PBXBuildFile; fileRef = 3BE389121778CCC30051FF39 /* nav-back-icon@2x.png */; };
		3BE389161778D0A20051FF39 /* TFCategoriesDataSource.m in Sources */ = {isa = PBXBuildFile; fileRef = 3BE389151778D0A20051FF39 /* TFCategoriesDataSource.m */; };
		3BE3891E1779CDA40051FF39 /* JSFlatButton.m in Sources */ = {isa = PBXBuildFile; fileRef = 3BE389191779CDA40051FF39 /* JSFlatButton.m */; };
		3BE3891F1779CDA40051FF39 /* UIColor+JSFlatButton.m in Sources */ = {isa = PBXBuildFile; fileRef = 3BE3891B1779CDA40051FF39 /* UIColor+JSFlatButton.m */; };
		3BE389201779CDA40051FF39 /* UIImage+JSFlatButton.m in Sources */ = {isa = PBXBuildFile; fileRef = 3BE3891D1779CDA40051FF39 /* UIImage+JSFlatButton.m */; };
		3BE389231779CE6A0051FF39 /* account@2x.png in Resources */ = {isa = PBXBuildFile; fileRef = 3BE389211779CE690051FF39 /* account@2x.png */; };
		3BE389241779CE6A0051FF39 /* settings@2x.png in Resources */ = {isa = PBXBuildFile; fileRef = 3BE389221779CE6A0051FF39 /* settings@2x.png */; };
		3BE3892A1779D4410051FF39 /* check@2x.png in Resources */ = {isa = PBXBuildFile; fileRef = 3BE389291779D4400051FF39 /* check@2x.png */; };
		3BE38943177A484E0051FF39 /* TFRefreshFooterView.m in Sources */ = {isa = PBXBuildFile; fileRef = 3BE38942177A484E0051FF39 /* TFRefreshFooterView.m */; };
		3BE38945177A48600051FF39 /* TFRefreshFooterView.xib in Resources */ = {isa = PBXBuildFile; fileRef = 3BE38944177A48600051FF39 /* TFRefreshFooterView.xib */; };
		3BE38949177B37D70051FF39 /* TFRefreshHeaderView.m in Sources */ = {isa = PBXBuildFile; fileRef = 3BE38948177B37D70051FF39 /* TFRefreshHeaderView.m */; };
		3BE3894B177B37FA0051FF39 /* TFRefreshHeaderView.xib in Resources */ = {isa = PBXBuildFile; fileRef = 3BE3894A177B37FA0051FF39 /* TFRefreshHeaderView.xib */; };
		C636EFD61A25357E00EE1B47 /* Twitter.framework in Frameworks */ = {isa = PBXBuildFile; fileRef = C636EFD51A25357E00EE1B47 /* Twitter.framework */; };
		C636EFD81A2538C200EE1B47 /* TFTwitterManager.m in Sources */ = {isa = PBXBuildFile; fileRef = C636EFD71A2538C200EE1B47 /* TFTwitterManager.m */; };
		C636EFE11A253DA300EE1B47 /* NSDate+HumanInterval.m in Sources */ = {isa = PBXBuildFile; fileRef = C636EFE01A253DA300EE1B47 /* NSDate+HumanInterval.m */; };
		C6533F631AC392A1004D7589 /* TFCategoryCell.xib in Resources */ = {isa = PBXBuildFile; fileRef = C6533F621AC392A1004D7589 /* TFCategoryCell.xib */; };
		C68EFCEB1A5359FF00EDD4F4 /* TabController.swift in Sources */ = {isa = PBXBuildFile; fileRef = C68EFCEA1A5359FF00EDD4F4 /* TabController.swift */; };
		C68EFCED1A54599C00EDD4F4 /* CategoriesController.swift in Sources */ = {isa = PBXBuildFile; fileRef = C68EFCEC1A54599C00EDD4F4 /* CategoriesController.swift */; };
		C68EFCEF1A54616200EDD4F4 /* CategoriesController.xib in Resources */ = {isa = PBXBuildFile; fileRef = C68EFCEE1A54616200EDD4F4 /* CategoriesController.xib */; };
		C68EFCF11A54732A00EDD4F4 /* TweetsController.swift in Sources */ = {isa = PBXBuildFile; fileRef = C68EFCF01A54732A00EDD4F4 /* TweetsController.swift */; };
		C68EFCF31A547C0100EDD4F4 /* TweetsController.xib in Resources */ = {isa = PBXBuildFile; fileRef = C68EFCF21A547C0100EDD4F4 /* TweetsController.xib */; };
		C6F192DF1AC0FCB50017742F /* Bolts.framework in Frameworks */ = {isa = PBXBuildFile; fileRef = C6F192DD1AC0FCB50017742F /* Bolts.framework */; };
		C6F192E01AC0FCB50017742F /* Parse.framework in Frameworks */ = {isa = PBXBuildFile; fileRef = C6F192DE1AC0FCB50017742F /* Parse.framework */; };
		C6F192E21AC0FCE50017742F /* AudioToolbox.framework in Frameworks */ = {isa = PBXBuildFile; fileRef = C6F192E11AC0FCE50017742F /* AudioToolbox.framework */; };
		C6F192E41AC0FCF00017742F /* CFNetwork.framework in Frameworks */ = {isa = PBXBuildFile; fileRef = C6F192E31AC0FCF00017742F /* CFNetwork.framework */; };
		C6F192E61AC0FD1C0017742F /* StoreKit.framework in Frameworks */ = {isa = PBXBuildFile; fileRef = C6F192E51AC0FD1C0017742F /* StoreKit.framework */; };
		C6F192E81AC0FD2B0017742F /* libz.dylib in Frameworks */ = {isa = PBXBuildFile; fileRef = C6F192E71AC0FD2B0017742F /* libz.dylib */; };
		F881D3537A5BD00BCFDB6905 /* libPods-TweetFavs.a in Frameworks */ = {isa = PBXBuildFile; fileRef = C16E7B9DE9A9BE82E0B06504 /* libPods-TweetFavs.a */; };
/* End PBXBuildFile section */

/* Begin PBXFileReference section */
		2D26A07BA50E17914DC3E193 /* Pods-TweetFavs.release.xcconfig */ = {isa = PBXFileReference; includeInIndex = 1; lastKnownFileType = text.xcconfig; name = "Pods-TweetFavs.release.xcconfig"; path = "Pods/Target Support Files/Pods-TweetFavs/Pods-TweetFavs.release.xcconfig"; sourceTree = "<group>"; };
		3B77CCD4177CCC4100379106 /* sad-512@2x.png */ = {isa = PBXFileReference; lastKnownFileType = image.png; path = "sad-512@2x.png"; sourceTree = "<group>"; };
		3BAD9CA61772B2B200F6FFCA /* TweetFavs.app */ = {isa = PBXFileReference; explicitFileType = wrapper.application; includeInIndex = 0; path = TweetFavs.app; sourceTree = BUILT_PRODUCTS_DIR; };
		3BAD9CA91772B2B200F6FFCA /* UIKit.framework */ = {isa = PBXFileReference; lastKnownFileType = wrapper.framework; name = UIKit.framework; path = System/Library/Frameworks/UIKit.framework; sourceTree = SDKROOT; };
		3BAD9CAB1772B2B200F6FFCA /* Foundation.framework */ = {isa = PBXFileReference; lastKnownFileType = wrapper.framework; name = Foundation.framework; path = System/Library/Frameworks/Foundation.framework; sourceTree = SDKROOT; };
		3BAD9CAD1772B2B200F6FFCA /* CoreGraphics.framework */ = {isa = PBXFileReference; lastKnownFileType = wrapper.framework; name = CoreGraphics.framework; path = System/Library/Frameworks/CoreGraphics.framework; sourceTree = SDKROOT; };
		3BAD9CB11772B2B200F6FFCA /* TweetFavs-Info.plist */ = {isa = PBXFileReference; lastKnownFileType = text.plist.xml; path = "TweetFavs-Info.plist"; sourceTree = "<group>"; };
		3BAD9CB31772B2B200F6FFCA /* en */ = {isa = PBXFileReference; lastKnownFileType = text.plist.strings; name = en; path = en.lproj/InfoPlist.strings; sourceTree = "<group>"; };
		3BAD9CB51772B2B200F6FFCA /* main.m */ = {isa = PBXFileReference; lastKnownFileType = sourcecode.c.objc; path = main.m; sourceTree = "<group>"; };
		3BAD9CB71772B2B200F6FFCA /* TweetFavs-Prefix.pch */ = {isa = PBXFileReference; lastKnownFileType = sourcecode.c.h; path = "TweetFavs-Prefix.pch"; sourceTree = "<group>"; };
		3BAD9CB81772B2B200F6FFCA /* TFAppDelegate.h */ = {isa = PBXFileReference; lastKnownFileType = sourcecode.c.h; path = TFAppDelegate.h; sourceTree = "<group>"; };
		3BAD9CB91772B2B200F6FFCA /* TFAppDelegate.m */ = {isa = PBXFileReference; lastKnownFileType = sourcecode.c.objc; path = TFAppDelegate.m; sourceTree = "<group>"; };
		3BAD9CBB1772B2B200F6FFCA /* Default.png */ = {isa = PBXFileReference; lastKnownFileType = image.png; path = Default.png; sourceTree = "<group>"; };
		3BAD9CBD1772B2B200F6FFCA /* Default@2x.png */ = {isa = PBXFileReference; lastKnownFileType = image.png; path = "Default@2x.png"; sourceTree = "<group>"; };
		3BAD9CBF1772B2B200F6FFCA /* Default-568h@2x.png */ = {isa = PBXFileReference; lastKnownFileType = image.png; path = "Default-568h@2x.png"; sourceTree = "<group>"; };
		3BAD9CCC1772B32D00F6FFCA /* libMainloop.a */ = {isa = PBXFileReference; lastKnownFileType = archive.ar; name = libMainloop.a; path = "../../../../Library/Developer/Xcode/DerivedData/SFXWorkspace-fzwsgwcggcqteshdrewhmyovjtsv/Build/Products/Debug-iphoneos/libMainloop.a"; sourceTree = "<group>"; };
		3BAD9CCE1772B5DB00F6FFCA /* FacebookSDK.framework */ = {isa = PBXFileReference; lastKnownFileType = wrapper.framework; name = FacebookSDK.framework; path = ../mainloop/Mainloop/Mainloop/Libraries/FacebookSDK.framework; sourceTree = "<group>"; };
		3BAD9CD01772B64300F6FFCA /* Accounts.framework */ = {isa = PBXFileReference; lastKnownFileType = wrapper.framework; name = Accounts.framework; path = System/Library/Frameworks/Accounts.framework; sourceTree = SDKROOT; };
		3BAD9CD21772B65800F6FFCA /* libsqlite3.dylib */ = {isa = PBXFileReference; lastKnownFileType = "compiled.mach-o.dylib"; name = libsqlite3.dylib; path = usr/lib/libsqlite3.dylib; sourceTree = SDKROOT; };
		3BAD9CD41772B66900F6FFCA /* Social.framework */ = {isa = PBXFileReference; lastKnownFileType = wrapper.framework; name = Social.framework; path = System/Library/Frameworks/Social.framework; sourceTree = SDKROOT; };
		3BAD9CD61772B67B00F6FFCA /* AssetsLibrary.framework */ = {isa = PBXFileReference; lastKnownFileType = wrapper.framework; name = AssetsLibrary.framework; path = System/Library/Frameworks/AssetsLibrary.framework; sourceTree = SDKROOT; };
		3BAD9CD81772B6A800F6FFCA /* AdSupport.framework */ = {isa = PBXFileReference; lastKnownFileType = wrapper.framework; name = AdSupport.framework; path = System/Library/Frameworks/AdSupport.framework; sourceTree = SDKROOT; };
		3BAD9CDA1772B73000F6FFCA /* Security.framework */ = {isa = PBXFileReference; lastKnownFileType = wrapper.framework; name = Security.framework; path = System/Library/Frameworks/Security.framework; sourceTree = SDKROOT; };
		3BAD9CDD17733E7B00F6FFCA /* TFFeedCell.h */ = {isa = PBXFileReference; fileEncoding = 4; lastKnownFileType = sourcecode.c.h; path = TFFeedCell.h; sourceTree = "<group>"; };
		3BAD9CDE17733E7B00F6FFCA /* TFFeedCell.m */ = {isa = PBXFileReference; fileEncoding = 4; lastKnownFileType = sourcecode.c.objc; path = TFFeedCell.m; sourceTree = "<group>"; };
		3BAD9CE017733F1C00F6FFCA /* TFFeedCell.xib */ = {isa = PBXFileReference; fileEncoding = 4; lastKnownFileType = file.xib; path = TFFeedCell.xib; sourceTree = "<group>"; };
		3BAD9CE21773423B00F6FFCA /* QuartzCore.framework */ = {isa = PBXFileReference; lastKnownFileType = wrapper.framework; name = QuartzCore.framework; path = System/Library/Frameworks/QuartzCore.framework; sourceTree = SDKROOT; };
		3BAD9CE41773429E00F6FFCA /* CoreLocation.framework */ = {isa = PBXFileReference; lastKnownFileType = wrapper.framework; name = CoreLocation.framework; path = System/Library/Frameworks/CoreLocation.framework; sourceTree = SDKROOT; };
		3BAD9CE6177342A900F6FFCA /* CoreImage.framework */ = {isa = PBXFileReference; lastKnownFileType = wrapper.framework; name = CoreImage.framework; path = System/Library/Frameworks/CoreImage.framework; sourceTree = SDKROOT; };
		3BAD9CE9177342C400F6FFCA /* MapKit.framework */ = {isa = PBXFileReference; lastKnownFileType = wrapper.framework; name = MapKit.framework; path = System/Library/Frameworks/MapKit.framework; sourceTree = SDKROOT; };
		3BAD9CEB177342F300F6FFCA /* AVFoundation.framework */ = {isa = PBXFileReference; lastKnownFileType = wrapper.framework; name = AVFoundation.framework; path = System/Library/Frameworks/AVFoundation.framework; sourceTree = SDKROOT; };
		3BAD9CED177342FD00F6FFCA /* CoreData.framework */ = {isa = PBXFileReference; lastKnownFileType = wrapper.framework; name = CoreData.framework; path = System/Library/Frameworks/CoreData.framework; sourceTree = SDKROOT; };
		3BAD9CEF1773431F00F6FFCA /* SystemConfiguration.framework */ = {isa = PBXFileReference; lastKnownFileType = wrapper.framework; name = SystemConfiguration.framework; path = System/Library/Frameworks/SystemConfiguration.framework; sourceTree = SDKROOT; };
		3BAD9CF11773433B00F6FFCA /* MobileCoreServices.framework */ = {isa = PBXFileReference; lastKnownFileType = wrapper.framework; name = MobileCoreServices.framework; path = System/Library/Frameworks/MobileCoreServices.framework; sourceTree = SDKROOT; };
		3BAD9CFF1773499F00F6FFCA /* menu@2x.png */ = {isa = PBXFileReference; lastKnownFileType = image.png; path = "menu@2x.png"; sourceTree = "<group>"; };
		3BAD9D07177352F600F6FFCA /* TFCategory.h */ = {isa = PBXFileReference; fileEncoding = 4; lastKnownFileType = sourcecode.c.h; path = TFCategory.h; sourceTree = "<group>"; };
		3BAD9D08177352F600F6FFCA /* TFCategory.m */ = {isa = PBXFileReference; fileEncoding = 4; lastKnownFileType = sourcecode.c.objc; path = TFCategory.m; sourceTree = "<group>"; };
		3BAD9D0A1773532800F6FFCA /* TFAPIClient.h */ = {isa = PBXFileReference; fileEncoding = 4; lastKnownFileType = sourcecode.c.h; path = TFAPIClient.h; sourceTree = "<group>"; };
		3BAD9D0B1773532800F6FFCA /* TFAPIClient.m */ = {isa = PBXFileReference; fileEncoding = 4; lastKnownFileType = sourcecode.c.objc; path = TFAPIClient.m; sourceTree = "<group>"; };
		3BAD9D0D177355D300F6FFCA /* TFCategories.h */ = {isa = PBXFileReference; fileEncoding = 4; lastKnownFileType = sourcecode.c.h; path = TFCategories.h; sourceTree = "<group>"; };
		3BAD9D0E177355D300F6FFCA /* TFCategories.m */ = {isa = PBXFileReference; fileEncoding = 4; lastKnownFileType = sourcecode.c.objc; path = TFCategories.m; sourceTree = "<group>"; };
		3BAD9D2B1773993600F6FFCA /* TFFeedDataSource.h */ = {isa = PBXFileReference; fileEncoding = 4; lastKnownFileType = sourcecode.c.h; path = TFFeedDataSource.h; sourceTree = "<group>"; };
		3BAD9D2C1773993600F6FFCA /* TFFeedDataSource.m */ = {isa = PBXFileReference; fileEncoding = 4; lastKnownFileType = sourcecode.c.objc; path = TFFeedDataSource.m; sourceTree = "<group>"; };
		3BAD9D2E17739AF200F6FFCA /* TFTweetsAdapter.h */ = {isa = PBXFileReference; fileEncoding = 4; lastKnownFileType = sourcecode.c.h; path = TFTweetsAdapter.h; sourceTree = "<group>"; };
		3BAD9D2F17739AF200F6FFCA /* TFTweetsAdapter.m */ = {isa = PBXFileReference; fileEncoding = 4; lastKnownFileType = sourcecode.c.objc; path = TFTweetsAdapter.m; sourceTree = "<group>"; };
		3BAD9D311773A06C00F6FFCA /* TFTweet.h */ = {isa = PBXFileReference; fileEncoding = 4; lastKnownFileType = sourcecode.c.h; path = TFTweet.h; sourceTree = "<group>"; };
		3BAD9D321773A06C00F6FFCA /* TFTweet.m */ = {isa = PBXFileReference; fileEncoding = 4; lastKnownFileType = sourcecode.c.objc; path = TFTweet.m; sourceTree = "<group>"; };
		3BAD9D341773CC7100F6FFCA /* TFCategoryCell.h */ = {isa = PBXFileReference; fileEncoding = 4; lastKnownFileType = sourcecode.c.h; path = TFCategoryCell.h; sourceTree = "<group>"; };
		3BAD9D351773CC7100F6FFCA /* TFCategoryCell.m */ = {isa = PBXFileReference; fileEncoding = 4; lastKnownFileType = sourcecode.c.objc; path = TFCategoryCell.m; sourceTree = "<group>"; };
		3BE388F91774F48E0051FF39 /* star@2x.png */ = {isa = PBXFileReference; lastKnownFileType = image.png; path = "star@2x.png"; sourceTree = "<group>"; };
		3BE388FB1774F4970051FF39 /* outline-star@2x.png */ = {isa = PBXFileReference; lastKnownFileType = image.png; path = "outline-star@2x.png"; sourceTree = "<group>"; };
		3BE388FD1774F50F0051FF39 /* add_file-64.png */ = {isa = PBXFileReference; lastKnownFileType = image.png; path = "add_file-64.png"; sourceTree = "<group>"; };
		3BE388FF1774F62A0051FF39 /* list-64.png */ = {isa = PBXFileReference; lastKnownFileType = image.png; path = "list-64.png"; sourceTree = "<group>"; };
		3BE389031777BC700051FF39 /* TFEditCategoryCell.xib */ = {isa = PBXFileReference; fileEncoding = 4; lastKnownFileType = file.xib; path = TFEditCategoryCell.xib; sourceTree = "<group>"; };
		3BE389051777BC840051FF39 /* TFEditCategoryCell.h */ = {isa = PBXFileReference; fileEncoding = 4; lastKnownFileType = sourcecode.c.h; path = TFEditCategoryCell.h; sourceTree = "<group>"; };
		3BE389061777BC840051FF39 /* TFEditCategoryCell.m */ = {isa = PBXFileReference; fileEncoding = 4; lastKnownFileType = sourcecode.c.objc; path = TFEditCategoryCell.m; sourceTree = "<group>"; };
		3BE389081778A7250051FF39 /* TFTweetViewController.h */ = {isa = PBXFileReference; fileEncoding = 4; lastKnownFileType = sourcecode.c.h; path = TFTweetViewController.h; sourceTree = "<group>"; };
		3BE389091778A7250051FF39 /* TFTweetViewController.m */ = {isa = PBXFileReference; fileEncoding = 4; lastKnownFileType = sourcecode.c.objc; path = TFTweetViewController.m; sourceTree = "<group>"; };
		3BE3890A1778A7250051FF39 /* TFTweetViewController.xib */ = {isa = PBXFileReference; fileEncoding = 4; lastKnownFileType = file.xib; path = TFTweetViewController.xib; sourceTree = "<group>"; };
		3BE3890D1778C4D20051FF39 /* TFTheme.h */ = {isa = PBXFileReference; fileEncoding = 4; lastKnownFileType = sourcecode.c.h; path = TFTheme.h; sourceTree = "<group>"; };
		3BE3890E1778C4D20051FF39 /* TFTheme.m */ = {isa = PBXFileReference; fileEncoding = 4; lastKnownFileType = sourcecode.c.objc; path = TFTheme.m; sourceTree = "<group>"; };
		3BE389101778CA250051FF39 /* nav-menu-icon@2x.png */ = {isa = PBXFileReference; lastKnownFileType = image.png; path = "nav-menu-icon@2x.png"; sourceTree = "<group>"; };
		3BE389121778CCC30051FF39 /* nav-back-icon@2x.png */ = {isa = PBXFileReference; lastKnownFileType = image.png; path = "nav-back-icon@2x.png"; sourceTree = "<group>"; };
		3BE389141778D0A20051FF39 /* TFCategoriesDataSource.h */ = {isa = PBXFileReference; fileEncoding = 4; lastKnownFileType = sourcecode.c.h; path = TFCategoriesDataSource.h; sourceTree = "<group>"; };
		3BE389151778D0A20051FF39 /* TFCategoriesDataSource.m */ = {isa = PBXFileReference; fileEncoding = 4; lastKnownFileType = sourcecode.c.objc; path = TFCategoriesDataSource.m; sourceTree = "<group>"; };
		3BE389181779CDA40051FF39 /* JSFlatButton.h */ = {isa = PBXFileReference; fileEncoding = 4; lastKnownFileType = sourcecode.c.h; path = JSFlatButton.h; sourceTree = "<group>"; };
		3BE389191779CDA40051FF39 /* JSFlatButton.m */ = {isa = PBXFileReference; fileEncoding = 4; lastKnownFileType = sourcecode.c.objc; path = JSFlatButton.m; sourceTree = "<group>"; };
		3BE3891A1779CDA40051FF39 /* UIColor+JSFlatButton.h */ = {isa = PBXFileReference; fileEncoding = 4; lastKnownFileType = sourcecode.c.h; path = "UIColor+JSFlatButton.h"; sourceTree = "<group>"; };
		3BE3891B1779CDA40051FF39 /* UIColor+JSFlatButton.m */ = {isa = PBXFileReference; fileEncoding = 4; lastKnownFileType = sourcecode.c.objc; path = "UIColor+JSFlatButton.m"; sourceTree = "<group>"; };
		3BE3891C1779CDA40051FF39 /* UIImage+JSFlatButton.h */ = {isa = PBXFileReference; fileEncoding = 4; lastKnownFileType = sourcecode.c.h; path = "UIImage+JSFlatButton.h"; sourceTree = "<group>"; };
		3BE3891D1779CDA40051FF39 /* UIImage+JSFlatButton.m */ = {isa = PBXFileReference; fileEncoding = 4; lastKnownFileType = sourcecode.c.objc; path = "UIImage+JSFlatButton.m"; sourceTree = "<group>"; };
		3BE389211779CE690051FF39 /* account@2x.png */ = {isa = PBXFileReference; lastKnownFileType = image.png; path = "account@2x.png"; sourceTree = "<group>"; };
		3BE389221779CE6A0051FF39 /* settings@2x.png */ = {isa = PBXFileReference; lastKnownFileType = image.png; path = "settings@2x.png"; sourceTree = "<group>"; };
		3BE389291779D4400051FF39 /* check@2x.png */ = {isa = PBXFileReference; lastKnownFileType = image.png; path = "check@2x.png"; sourceTree = "<group>"; };
		3BE38942177A484E0051FF39 /* TFRefreshFooterView.m */ = {isa = PBXFileReference; fileEncoding = 4; lastKnownFileType = sourcecode.c.objc; path = TFRefreshFooterView.m; sourceTree = "<group>"; };
		3BE38944177A48600051FF39 /* TFRefreshFooterView.xib */ = {isa = PBXFileReference; fileEncoding = 4; lastKnownFileType = file.xib; path = TFRefreshFooterView.xib; sourceTree = "<group>"; };
		3BE38946177A49C70051FF39 /* TFRefreshFooterView.h */ = {isa = PBXFileReference; fileEncoding = 4; lastKnownFileType = sourcecode.c.h; path = TFRefreshFooterView.h; sourceTree = "<group>"; };
		3BE38947177B37D70051FF39 /* TFRefreshHeaderView.h */ = {isa = PBXFileReference; fileEncoding = 4; lastKnownFileType = sourcecode.c.h; path = TFRefreshHeaderView.h; sourceTree = "<group>"; };
		3BE38948177B37D70051FF39 /* TFRefreshHeaderView.m */ = {isa = PBXFileReference; fileEncoding = 4; lastKnownFileType = sourcecode.c.objc; path = TFRefreshHeaderView.m; sourceTree = "<group>"; };
		3BE3894A177B37FA0051FF39 /* TFRefreshHeaderView.xib */ = {isa = PBXFileReference; fileEncoding = 4; lastKnownFileType = file.xib; path = TFRefreshHeaderView.xib; sourceTree = "<group>"; };
		4908198BA2F66F4F3D34D1B5 /* Pods-TweetFavs.debug.xcconfig */ = {isa = PBXFileReference; includeInIndex = 1; lastKnownFileType = text.xcconfig; name = "Pods-TweetFavs.debug.xcconfig"; path = "Pods/Target Support Files/Pods-TweetFavs/Pods-TweetFavs.debug.xcconfig"; sourceTree = "<group>"; };
		C16E7B9DE9A9BE82E0B06504 /* libPods-TweetFavs.a */ = {isa = PBXFileReference; explicitFileType = archive.ar; includeInIndex = 0; path = "libPods-TweetFavs.a"; sourceTree = BUILT_PRODUCTS_DIR; };
		C636EFD51A25357E00EE1B47 /* Twitter.framework */ = {isa = PBXFileReference; lastKnownFileType = wrapper.framework; name = Twitter.framework; path = System/Library/Frameworks/Twitter.framework; sourceTree = SDKROOT; };
		C636EFD71A2538C200EE1B47 /* TFTwitterManager.m */ = {isa = PBXFileReference; fileEncoding = 4; lastKnownFileType = sourcecode.c.objc; path = TFTwitterManager.m; sourceTree = "<group>"; };
		C636EFD91A2538E400EE1B47 /* TFTwitterManager.h */ = {isa = PBXFileReference; fileEncoding = 4; lastKnownFileType = sourcecode.c.h; path = TFTwitterManager.h; sourceTree = "<group>"; };
		C636EFDF1A253DA300EE1B47 /* NSDate+HumanInterval.h */ = {isa = PBXFileReference; fileEncoding = 4; lastKnownFileType = sourcecode.c.h; path = "NSDate+HumanInterval.h"; sourceTree = "<group>"; };
		C636EFE01A253DA300EE1B47 /* NSDate+HumanInterval.m */ = {isa = PBXFileReference; fileEncoding = 4; lastKnownFileType = sourcecode.c.objc; path = "NSDate+HumanInterval.m"; sourceTree = "<group>"; };
		C6533F621AC392A1004D7589 /* TFCategoryCell.xib */ = {isa = PBXFileReference; fileEncoding = 4; lastKnownFileType = file.xib; path = TFCategoryCell.xib; sourceTree = "<group>"; };
		C68EFCE91A5359FE00EDD4F4 /* TweetFavs-Bridging-Header.h */ = {isa = PBXFileReference; lastKnownFileType = sourcecode.c.h; path = "TweetFavs-Bridging-Header.h"; sourceTree = "<group>"; };
		C68EFCEA1A5359FF00EDD4F4 /* TabController.swift */ = {isa = PBXFileReference; fileEncoding = 4; lastKnownFileType = sourcecode.swift; path = TabController.swift; sourceTree = "<group>"; };
		C68EFCEC1A54599C00EDD4F4 /* CategoriesController.swift */ = {isa = PBXFileReference; fileEncoding = 4; lastKnownFileType = sourcecode.swift; path = CategoriesController.swift; sourceTree = "<group>"; };
		C68EFCEE1A54616200EDD4F4 /* CategoriesController.xib */ = {isa = PBXFileReference; fileEncoding = 4; lastKnownFileType = file.xib; path = CategoriesController.xib; sourceTree = "<group>"; };
		C68EFCF01A54732A00EDD4F4 /* TweetsController.swift */ = {isa = PBXFileReference; fileEncoding = 4; lastKnownFileType = sourcecode.swift; name = TweetsController.swift; path = Views/TweetsController.swift; sourceTree = "<group>"; };
		C68EFCF21A547C0100EDD4F4 /* TweetsController.xib */ = {isa = PBXFileReference; fileEncoding = 4; lastKnownFileType = file.xib; path = TweetsController.xib; sourceTree = "<group>"; };
		C6F192DD1AC0FCB50017742F /* Bolts.framework */ = {isa = PBXFileReference; lastKnownFileType = wrapper.framework; path = Bolts.framework; sourceTree = "<group>"; };
		C6F192DE1AC0FCB50017742F /* Parse.framework */ = {isa = PBXFileReference; lastKnownFileType = wrapper.framework; path = Parse.framework; sourceTree = "<group>"; };
		C6F192E11AC0FCE50017742F /* AudioToolbox.framework */ = {isa = PBXFileReference; lastKnownFileType = wrapper.framework; name = AudioToolbox.framework; path = System/Library/Frameworks/AudioToolbox.framework; sourceTree = SDKROOT; };
		C6F192E31AC0FCF00017742F /* CFNetwork.framework */ = {isa = PBXFileReference; lastKnownFileType = wrapper.framework; name = CFNetwork.framework; path = System/Library/Frameworks/CFNetwork.framework; sourceTree = SDKROOT; };
		C6F192E51AC0FD1C0017742F /* StoreKit.framework */ = {isa = PBXFileReference; lastKnownFileType = wrapper.framework; name = StoreKit.framework; path = System/Library/Frameworks/StoreKit.framework; sourceTree = SDKROOT; };
		C6F192E71AC0FD2B0017742F /* libz.dylib */ = {isa = PBXFileReference; lastKnownFileType = "compiled.mach-o.dylib"; name = libz.dylib; path = usr/lib/libz.dylib; sourceTree = SDKROOT; };
/* End PBXFileReference section */

/* Begin PBXFrameworksBuildPhase section */
		3BAD9CA31772B2B200F6FFCA /* Frameworks */ = {
			isa = PBXFrameworksBuildPhase;
			buildActionMask = 2147483647;
			files = (
				3BAD9CD31772B65800F6FFCA /* libsqlite3.dylib in Frameworks */,
				C6F192E81AC0FD2B0017742F /* libz.dylib in Frameworks */,
				C6F192E61AC0FD1C0017742F /* StoreKit.framework in Frameworks */,
				3BAD9CE51773429E00F6FFCA /* CoreLocation.framework in Frameworks */,
				3BAD9CAE1772B2B200F6FFCA /* CoreGraphics.framework in Frameworks */,
				C6F192E41AC0FCF00017742F /* CFNetwork.framework in Frameworks */,
				C6F192E21AC0FCE50017742F /* AudioToolbox.framework in Frameworks */,
				C636EFD61A25357E00EE1B47 /* Twitter.framework in Frameworks */,
				3BAD9CF21773433B00F6FFCA /* MobileCoreServices.framework in Frameworks */,
				3BAD9CF01773431F00F6FFCA /* SystemConfiguration.framework in Frameworks */,
				3BAD9CEE177342FD00F6FFCA /* CoreData.framework in Frameworks */,
				3BAD9CEC177342F300F6FFCA /* AVFoundation.framework in Frameworks */,
				3BAD9CEA177342C400F6FFCA /* MapKit.framework in Frameworks */,
				3BAD9CE31773423B00F6FFCA /* QuartzCore.framework in Frameworks */,
				3BAD9CDB1772B73000F6FFCA /* Security.framework in Frameworks */,
				3BAD9CD91772B6A800F6FFCA /* AdSupport.framework in Frameworks */,
				3BAD9CD51772B66900F6FFCA /* Social.framework in Frameworks */,
				C6F192E01AC0FCB50017742F /* Parse.framework in Frameworks */,
				3BAD9CD11772B64400F6FFCA /* Accounts.framework in Frameworks */,
				3BAD9CAA1772B2B200F6FFCA /* UIKit.framework in Frameworks */,
				C6F192DF1AC0FCB50017742F /* Bolts.framework in Frameworks */,
				3BAD9CAC1772B2B200F6FFCA /* Foundation.framework in Frameworks */,
				F881D3537A5BD00BCFDB6905 /* libPods-TweetFavs.a in Frameworks */,
			);
			runOnlyForDeploymentPostprocessing = 0;
		};
/* End PBXFrameworksBuildPhase section */

/* Begin PBXGroup section */
		3BAD9C9D1772B2B200F6FFCA = {
			isa = PBXGroup;
			children = (
				3BAD9CAF1772B2B200F6FFCA /* TweetFavs */,
				3BAD9CA81772B2B200F6FFCA /* Frameworks */,
				3BAD9CA71772B2B200F6FFCA /* Products */,
				AE26384D14D749133CFB5993 /* Pods */,
			);
			sourceTree = "<group>";
		};
		3BAD9CA71772B2B200F6FFCA /* Products */ = {
			isa = PBXGroup;
			children = (
				3BAD9CA61772B2B200F6FFCA /* TweetFavs.app */,
			);
			name = Products;
			sourceTree = "<group>";
		};
		3BAD9CA81772B2B200F6FFCA /* Frameworks */ = {
			isa = PBXGroup;
			children = (
				C6F192E71AC0FD2B0017742F /* libz.dylib */,
				C6F192E51AC0FD1C0017742F /* StoreKit.framework */,
				C6F192E31AC0FCF00017742F /* CFNetwork.framework */,
				C6F192E11AC0FCE50017742F /* AudioToolbox.framework */,
				C6F192DD1AC0FCB50017742F /* Bolts.framework */,
				C6F192DE1AC0FCB50017742F /* Parse.framework */,
				C636EFD51A25357E00EE1B47 /* Twitter.framework */,
				3BAD9CF11773433B00F6FFCA /* MobileCoreServices.framework */,
				3BAD9CEF1773431F00F6FFCA /* SystemConfiguration.framework */,
				3BAD9CED177342FD00F6FFCA /* CoreData.framework */,
				3BAD9CEB177342F300F6FFCA /* AVFoundation.framework */,
				3BAD9CE9177342C400F6FFCA /* MapKit.framework */,
				3BAD9CE6177342A900F6FFCA /* CoreImage.framework */,
				3BAD9CE41773429E00F6FFCA /* CoreLocation.framework */,
				3BAD9CE21773423B00F6FFCA /* QuartzCore.framework */,
				3BAD9CDA1772B73000F6FFCA /* Security.framework */,
				3BAD9CD81772B6A800F6FFCA /* AdSupport.framework */,
				3BAD9CD61772B67B00F6FFCA /* AssetsLibrary.framework */,
				3BAD9CD41772B66900F6FFCA /* Social.framework */,
				3BAD9CD21772B65800F6FFCA /* libsqlite3.dylib */,
				3BAD9CCC1772B32D00F6FFCA /* libMainloop.a */,
				3BAD9CD01772B64300F6FFCA /* Accounts.framework */,
				3BAD9CCE1772B5DB00F6FFCA /* FacebookSDK.framework */,
				3BAD9CA91772B2B200F6FFCA /* UIKit.framework */,
				3BAD9CAB1772B2B200F6FFCA /* Foundation.framework */,
				3BAD9CAD1772B2B200F6FFCA /* CoreGraphics.framework */,
				C16E7B9DE9A9BE82E0B06504 /* libPods-TweetFavs.a */,
			);
			name = Frameworks;
			sourceTree = "<group>";
		};
		3BAD9CAF1772B2B200F6FFCA /* TweetFavs */ = {
			isa = PBXGroup;
			children = (
				3BAD9CB01772B2B200F6FFCA /* Supporting Files */,
				3BAD9D2A1773991200F6FFCA /* DataSources */,
				3BAD9D06177352DE00F6FFCA /* Models */,
				3BAD9CFE1773499200F6FFCA /* Images */,
				3BAD9CF31773473C00F6FFCA /* Libraries */,
				3BAD9CDC17733E4C00F6FFCA /* Cells */,
				3BE38940177A48270051FF39 /* Views */,
				3BAD9D0D177355D300F6FFCA /* TFCategories.h */,
				3BAD9D0E177355D300F6FFCA /* TFCategories.m */,
				3BAD9D2E17739AF200F6FFCA /* TFTweetsAdapter.h */,
				3BAD9D2F17739AF200F6FFCA /* TFTweetsAdapter.m */,
				3BAD9CB81772B2B200F6FFCA /* TFAppDelegate.h */,
				3BAD9CB91772B2B200F6FFCA /* TFAppDelegate.m */,
				3BE389081778A7250051FF39 /* TFTweetViewController.h */,
				3BE389091778A7250051FF39 /* TFTweetViewController.m */,
				3BE3890A1778A7250051FF39 /* TFTweetViewController.xib */,
				3BE3890D1778C4D20051FF39 /* TFTheme.h */,
				3BE3890E1778C4D20051FF39 /* TFTheme.m */,
				C636EFD91A2538E400EE1B47 /* TFTwitterManager.h */,
				C636EFD71A2538C200EE1B47 /* TFTwitterManager.m */,
				C68EFCEA1A5359FF00EDD4F4 /* TabController.swift */,
				C68EFCEC1A54599C00EDD4F4 /* CategoriesController.swift */,
				C68EFCEE1A54616200EDD4F4 /* CategoriesController.xib */,
				C68EFCF01A54732A00EDD4F4 /* TweetsController.swift */,
				C68EFCF21A547C0100EDD4F4 /* TweetsController.xib */,
				C68EFCE91A5359FE00EDD4F4 /* TweetFavs-Bridging-Header.h */,
			);
			path = TweetFavs;
			sourceTree = "<group>";
		};
		3BAD9CB01772B2B200F6FFCA /* Supporting Files */ = {
			isa = PBXGroup;
			children = (
				3BAD9CB11772B2B200F6FFCA /* TweetFavs-Info.plist */,
				3BAD9CB21772B2B200F6FFCA /* InfoPlist.strings */,
				3BAD9CB51772B2B200F6FFCA /* main.m */,
				3BAD9CB71772B2B200F6FFCA /* TweetFavs-Prefix.pch */,
				3BAD9CBB1772B2B200F6FFCA /* Default.png */,
				3BAD9CBD1772B2B200F6FFCA /* Default@2x.png */,
				3BAD9CBF1772B2B200F6FFCA /* Default-568h@2x.png */,
			);
			name = "Supporting Files";
			sourceTree = "<group>";
		};
		3BAD9CDC17733E4C00F6FFCA /* Cells */ = {
			isa = PBXGroup;
			children = (
				3BAD9CDD17733E7B00F6FFCA /* TFFeedCell.h */,
				3BAD9CDE17733E7B00F6FFCA /* TFFeedCell.m */,
				3BAD9CE017733F1C00F6FFCA /* TFFeedCell.xib */,
				3BAD9D341773CC7100F6FFCA /* TFCategoryCell.h */,
				3BAD9D351773CC7100F6FFCA /* TFCategoryCell.m */,
				3BE389051777BC840051FF39 /* TFEditCategoryCell.h */,
				3BE389061777BC840051FF39 /* TFEditCategoryCell.m */,
				3BE389031777BC700051FF39 /* TFEditCategoryCell.xib */,
				C6533F621AC392A1004D7589 /* TFCategoryCell.xib */,
			);
			name = Cells;
			sourceTree = "<group>";
		};
		3BAD9CF31773473C00F6FFCA /* Libraries */ = {
			isa = PBXGroup;
			children = (
				C636EFDE1A253DA300EE1B47 /* NSDate+HumanInterval */,
				3BE389171779CDA40051FF39 /* JSFlatButton */,
			);
			path = Libraries;
			sourceTree = "<group>";
		};
		3BAD9CFE1773499200F6FFCA /* Images */ = {
			isa = PBXGroup;
			children = (
				3B77CCD4177CCC4100379106 /* sad-512@2x.png */,
				3BE389291779D4400051FF39 /* check@2x.png */,
				3BE389211779CE690051FF39 /* account@2x.png */,
				3BE389221779CE6A0051FF39 /* settings@2x.png */,
				3BE389121778CCC30051FF39 /* nav-back-icon@2x.png */,
				3BE389101778CA250051FF39 /* nav-menu-icon@2x.png */,
				3BE388FF1774F62A0051FF39 /* list-64.png */,
				3BE388FD1774F50F0051FF39 /* add_file-64.png */,
				3BE388FB1774F4970051FF39 /* outline-star@2x.png */,
				3BE388F91774F48E0051FF39 /* star@2x.png */,
				3BAD9CFF1773499F00F6FFCA /* menu@2x.png */,
			);
			path = Images;
			sourceTree = "<group>";
		};
		3BAD9D06177352DE00F6FFCA /* Models */ = {
			isa = PBXGroup;
			children = (
				3BAD9D07177352F600F6FFCA /* TFCategory.h */,
				3BAD9D08177352F600F6FFCA /* TFCategory.m */,
				3BAD9D0A1773532800F6FFCA /* TFAPIClient.h */,
				3BAD9D0B1773532800F6FFCA /* TFAPIClient.m */,
				3BAD9D311773A06C00F6FFCA /* TFTweet.h */,
				3BAD9D321773A06C00F6FFCA /* TFTweet.m */,
			);
			name = Models;
			sourceTree = "<group>";
		};
		3BAD9D2A1773991200F6FFCA /* DataSources */ = {
			isa = PBXGroup;
			children = (
				3BAD9D2B1773993600F6FFCA /* TFFeedDataSource.h */,
				3BAD9D2C1773993600F6FFCA /* TFFeedDataSource.m */,
				3BE389141778D0A20051FF39 /* TFCategoriesDataSource.h */,
				3BE389151778D0A20051FF39 /* TFCategoriesDataSource.m */,
			);
			name = DataSources;
			sourceTree = "<group>";
		};
		3BE389171779CDA40051FF39 /* JSFlatButton */ = {
			isa = PBXGroup;
			children = (
				3BE389181779CDA40051FF39 /* JSFlatButton.h */,
				3BE389191779CDA40051FF39 /* JSFlatButton.m */,
				3BE3891A1779CDA40051FF39 /* UIColor+JSFlatButton.h */,
				3BE3891B1779CDA40051FF39 /* UIColor+JSFlatButton.m */,
				3BE3891C1779CDA40051FF39 /* UIImage+JSFlatButton.h */,
				3BE3891D1779CDA40051FF39 /* UIImage+JSFlatButton.m */,
			);
			path = JSFlatButton;
			sourceTree = "<group>";
		};
		3BE38940177A48270051FF39 /* Views */ = {
			isa = PBXGroup;
			children = (
				3BE38946177A49C70051FF39 /* TFRefreshFooterView.h */,
				3BE38942177A484E0051FF39 /* TFRefreshFooterView.m */,
				3BE38944177A48600051FF39 /* TFRefreshFooterView.xib */,
				3BE38947177B37D70051FF39 /* TFRefreshHeaderView.h */,
				3BE38948177B37D70051FF39 /* TFRefreshHeaderView.m */,
				3BE3894A177B37FA0051FF39 /* TFRefreshHeaderView.xib */,
			);
			path = Views;
			sourceTree = "<group>";
		};
		AE26384D14D749133CFB5993 /* Pods */ = {
			isa = PBXGroup;
			children = (
				4908198BA2F66F4F3D34D1B5 /* Pods-TweetFavs.debug.xcconfig */,
				2D26A07BA50E17914DC3E193 /* Pods-TweetFavs.release.xcconfig */,
			);
			name = Pods;
			sourceTree = "<group>";
		};
		C636EFDE1A253DA300EE1B47 /* NSDate+HumanInterval */ = {
			isa = PBXGroup;
			children = (
				C636EFDF1A253DA300EE1B47 /* NSDate+HumanInterval.h */,
				C636EFE01A253DA300EE1B47 /* NSDate+HumanInterval.m */,
			);
			path = "NSDate+HumanInterval";
			sourceTree = "<group>";
		};
/* End PBXGroup section */

/* Begin PBXNativeTarget section */
		3BAD9CA51772B2B200F6FFCA /* TweetFavs */ = {
			isa = PBXNativeTarget;
			buildConfigurationList = 3BAD9CC91772B2B200F6FFCA /* Build configuration list for PBXNativeTarget "TweetFavs" */;
			buildPhases = (
				B4F266D9D1FD56E64971B6C7 /* Check Pods Manifest.lock */,
				3BAD9CA21772B2B200F6FFCA /* Sources */,
				3BAD9CA31772B2B200F6FFCA /* Frameworks */,
				3BAD9CA41772B2B200F6FFCA /* Resources */,
				9016572D3660C24A68728516 /* Copy Pods Resources */,
			);
			buildRules = (
			);
			dependencies = (
			);
			name = TweetFavs;
			productName = TweetFavs;
			productReference = 3BAD9CA61772B2B200F6FFCA /* TweetFavs.app */;
			productType = "com.apple.product-type.application";
		};
/* End PBXNativeTarget section */

/* Begin PBXProject section */
		3BAD9C9E1772B2B200F6FFCA /* Project object */ = {
			isa = PBXProject;
			attributes = {
				CLASSPREFIX = MLP;
				LastUpgradeCheck = 0460;
				ORGANIZATIONNAME = "Mainloop LLC";
				TargetAttributes = {
					3BAD9CA51772B2B200F6FFCA = {
						DevelopmentTeam = RND85PHW7R;
					};
				};
			};
			buildConfigurationList = 3BAD9CA11772B2B200F6FFCA /* Build configuration list for PBXProject "TweetFavs" */;
			compatibilityVersion = "Xcode 3.2";
			developmentRegion = English;
			hasScannedForEncodings = 0;
			knownRegions = (
				en,
			);
			mainGroup = 3BAD9C9D1772B2B200F6FFCA;
			productRefGroup = 3BAD9CA71772B2B200F6FFCA /* Products */;
			projectDirPath = "";
			projectRoot = "";
			targets = (
				3BAD9CA51772B2B200F6FFCA /* TweetFavs */,
			);
		};
/* End PBXProject section */

/* Begin PBXResourcesBuildPhase section */
		3BAD9CA41772B2B200F6FFCA /* Resources */ = {
			isa = PBXResourcesBuildPhase;
			buildActionMask = 2147483647;
			files = (
				3BAD9CB41772B2B200F6FFCA /* InfoPlist.strings in Resources */,
				3BAD9CBC1772B2B200F6FFCA /* Default.png in Resources */,
				3BAD9CBE1772B2B200F6FFCA /* Default@2x.png in Resources */,
				C68EFCF31A547C0100EDD4F4 /* TweetsController.xib in Resources */,
				3BAD9CC01772B2B200F6FFCA /* Default-568h@2x.png in Resources */,
				3BAD9CE117733F1C00F6FFCA /* TFFeedCell.xib in Resources */,
				3BAD9D001773499F00F6FFCA /* menu@2x.png in Resources */,
				3BE388FA1774F48E0051FF39 /* star@2x.png in Resources */,
				3BE388FC1774F4970051FF39 /* outline-star@2x.png in Resources */,
				C6533F631AC392A1004D7589 /* TFCategoryCell.xib in Resources */,
				3BE388FE1774F50F0051FF39 /* add_file-64.png in Resources */,
				3BE389001774F62A0051FF39 /* list-64.png in Resources */,
				3BE389041777BC700051FF39 /* TFEditCategoryCell.xib in Resources */,
				3BE3890C1778A7260051FF39 /* TFTweetViewController.xib in Resources */,
				3BE389111778CA250051FF39 /* nav-menu-icon@2x.png in Resources */,
				3BE389131778CCC30051FF39 /* nav-back-icon@2x.png in Resources */,
				3BE389231779CE6A0051FF39 /* account@2x.png in Resources */,
				3BE389241779CE6A0051FF39 /* settings@2x.png in Resources */,
				C68EFCEF1A54616200EDD4F4 /* CategoriesController.xib in Resources */,
				3BE3892A1779D4410051FF39 /* check@2x.png in Resources */,
				3BE38945177A48600051FF39 /* TFRefreshFooterView.xib in Resources */,
				3BE3894B177B37FA0051FF39 /* TFRefreshHeaderView.xib in Resources */,
				3B77CCD5177CCC4100379106 /* sad-512@2x.png in Resources */,
			);
			runOnlyForDeploymentPostprocessing = 0;
		};
/* End PBXResourcesBuildPhase section */

/* Begin PBXShellScriptBuildPhase section */
		9016572D3660C24A68728516 /* Copy Pods Resources */ = {
			isa = PBXShellScriptBuildPhase;
			buildActionMask = 2147483647;
			files = (
			);
			inputPaths = (
			);
			name = "Copy Pods Resources";
			outputPaths = (
			);
			runOnlyForDeploymentPostprocessing = 0;
			shellPath = /bin/sh;
			shellScript = "\"${SRCROOT}/Pods/Target Support Files/Pods-TweetFavs/Pods-TweetFavs-resources.sh\"\n";
			showEnvVarsInLog = 0;
		};
		B4F266D9D1FD56E64971B6C7 /* Check Pods Manifest.lock */ = {
			isa = PBXShellScriptBuildPhase;
			buildActionMask = 2147483647;
			files = (
			);
			inputPaths = (
			);
			name = "Check Pods Manifest.lock";
			outputPaths = (
			);
			runOnlyForDeploymentPostprocessing = 0;
			shellPath = /bin/sh;
			shellScript = "diff \"${PODS_ROOT}/../Podfile.lock\" \"${PODS_ROOT}/Manifest.lock\" > /dev/null\nif [[ $? != 0 ]] ; then\n    cat << EOM\nerror: The sandbox is not in sync with the Podfile.lock. Run 'pod install' or update your CocoaPods installation.\nEOM\n    exit 1\nfi\n";
			showEnvVarsInLog = 0;
		};
/* End PBXShellScriptBuildPhase section */

/* Begin PBXSourcesBuildPhase section */
		3BAD9CA21772B2B200F6FFCA /* Sources */ = {
			isa = PBXSourcesBuildPhase;
			buildActionMask = 2147483647;
			files = (
				3BAD9CB61772B2B200F6FFCA /* main.m in Sources */,
				C636EFD81A2538C200EE1B47 /* TFTwitterManager.m in Sources */,
				3BAD9CBA1772B2B200F6FFCA /* TFAppDelegate.m in Sources */,
				3BAD9CDF17733E7B00F6FFCA /* TFFeedCell.m in Sources */,
				3BAD9D09177352F600F6FFCA /* TFCategory.m in Sources */,
				3BAD9D0C1773532800F6FFCA /* TFAPIClient.m in Sources */,
				3BAD9D0F177355D300F6FFCA /* TFCategories.m in Sources */,
				C68EFCF11A54732A00EDD4F4 /* TweetsController.swift in Sources */,
				3BAD9D2D1773993600F6FFCA /* TFFeedDataSource.m in Sources */,
				3BAD9D3017739AF400F6FFCA /* TFTweetsAdapter.m in Sources */,
				3BAD9D331773A06C00F6FFCA /* TFTweet.m in Sources */,
				3BAD9D361773CC7100F6FFCA /* TFCategoryCell.m in Sources */,
				C68EFCED1A54599C00EDD4F4 /* CategoriesController.swift in Sources */,
				3BE389071777BC840051FF39 /* TFEditCategoryCell.m in Sources */,
				3BE3890B1778A7260051FF39 /* TFTweetViewController.m in Sources */,
				3BE3890F1778C4D20051FF39 /* TFTheme.m in Sources */,
				3BE389161778D0A20051FF39 /* TFCategoriesDataSource.m in Sources */,
				3BE3891E1779CDA40051FF39 /* JSFlatButton.m in Sources */,
				C68EFCEB1A5359FF00EDD4F4 /* TabController.swift in Sources */,
				3BE3891F1779CDA40051FF39 /* UIColor+JSFlatButton.m in Sources */,
				3BE389201779CDA40051FF39 /* UIImage+JSFlatButton.m in Sources */,
				C636EFE11A253DA300EE1B47 /* NSDate+HumanInterval.m in Sources */,
				3BE38943177A484E0051FF39 /* TFRefreshFooterView.m in Sources */,
				3BE38949177B37D70051FF39 /* TFRefreshHeaderView.m in Sources */,
			);
			runOnlyForDeploymentPostprocessing = 0;
		};
/* End PBXSourcesBuildPhase section */

/* Begin PBXVariantGroup section */
		3BAD9CB21772B2B200F6FFCA /* InfoPlist.strings */ = {
			isa = PBXVariantGroup;
			children = (
				3BAD9CB31772B2B200F6FFCA /* en */,
			);
			name = InfoPlist.strings;
			sourceTree = "<group>";
		};
/* End PBXVariantGroup section */

/* Begin XCBuildConfiguration section */
		3BAD9CC71772B2B200F6FFCA /* Debug */ = {
			isa = XCBuildConfiguration;
			buildSettings = {
				ALWAYS_SEARCH_USER_PATHS = NO;
				CLANG_CXX_LANGUAGE_STANDARD = "gnu++0x";
				CLANG_CXX_LIBRARY = "libc++";
				CLANG_ENABLE_OBJC_ARC = YES;
				CLANG_WARN_CONSTANT_CONVERSION = YES;
				CLANG_WARN_EMPTY_BODY = YES;
				CLANG_WARN_ENUM_CONVERSION = YES;
				CLANG_WARN_INT_CONVERSION = YES;
				CLANG_WARN__DUPLICATE_METHOD_MATCH = YES;
				"CODE_SIGN_IDENTITY[sdk=iphoneos*]" = "iPhone Developer";
				COPY_PHASE_STRIP = NO;
				GCC_C_LANGUAGE_STANDARD = gnu99;
				GCC_DYNAMIC_NO_PIC = NO;
				GCC_OPTIMIZATION_LEVEL = 0;
				GCC_PREPROCESSOR_DEFINITIONS = (
					"DEBUG=1",
					"$(inherited)",
				);
				GCC_SYMBOLS_PRIVATE_EXTERN = NO;
				GCC_WARN_ABOUT_RETURN_TYPE = YES;
				GCC_WARN_UNINITIALIZED_AUTOS = YES;
				GCC_WARN_UNUSED_VARIABLE = YES;
				IPHONEOS_DEPLOYMENT_TARGET = 6.1;
				ONLY_ACTIVE_ARCH = YES;
				SDKROOT = iphoneos;
			};
			name = Debug;
		};
		3BAD9CC81772B2B200F6FFCA /* Release */ = {
			isa = XCBuildConfiguration;
			buildSettings = {
				ALWAYS_SEARCH_USER_PATHS = NO;
				CLANG_CXX_LANGUAGE_STANDARD = "gnu++0x";
				CLANG_CXX_LIBRARY = "libc++";
				CLANG_ENABLE_OBJC_ARC = YES;
				CLANG_WARN_CONSTANT_CONVERSION = YES;
				CLANG_WARN_EMPTY_BODY = YES;
				CLANG_WARN_ENUM_CONVERSION = YES;
				CLANG_WARN_INT_CONVERSION = YES;
				CLANG_WARN__DUPLICATE_METHOD_MATCH = YES;
				"CODE_SIGN_IDENTITY[sdk=iphoneos*]" = "iPhone Developer";
				COPY_PHASE_STRIP = YES;
				GCC_C_LANGUAGE_STANDARD = gnu99;
				GCC_WARN_ABOUT_RETURN_TYPE = YES;
				GCC_WARN_UNINITIALIZED_AUTOS = YES;
				GCC_WARN_UNUSED_VARIABLE = YES;
				IPHONEOS_DEPLOYMENT_TARGET = 6.1;
				OTHER_CFLAGS = "-DNS_BLOCK_ASSERTIONS=1";
				SDKROOT = iphoneos;
				VALIDATE_PRODUCT = YES;
			};
			name = Release;
		};
		3BAD9CCA1772B2B200F6FFCA /* Debug */ = {
			isa = XCBuildConfiguration;
			baseConfigurationReference = 4908198BA2F66F4F3D34D1B5 /* Pods-TweetFavs.debug.xcconfig */;
			buildSettings = {
				ALWAYS_SEARCH_USER_PATHS = YES;
				CLANG_ENABLE_MODULES = YES;
				CODE_SIGN_IDENTITY = "iPhone Developer";
				"CODE_SIGN_IDENTITY[sdk=iphoneos*]" = "iPhone Developer";
				DEFINES_MODULE = YES;
				FRAMEWORK_SEARCH_PATHS = (
					"$(inherited)",
					"$(PROJECT_DIR)",
				);
				GCC_PRECOMPILE_PREFIX_HEADER = YES;
				GCC_PREFIX_HEADER = "TweetFavs/TweetFavs-Prefix.pch";
				INFOPLIST_FILE = "TweetFavs/TweetFavs-Info.plist";
				IPHONEOS_DEPLOYMENT_TARGET = 8.1;
				LD_RUNPATH_SEARCH_PATHS = "$(inherited) @executable_path/Frameworks";
				LIBRARY_SEARCH_PATHS = "$(inherited)";
				OTHER_LDFLAGS = "$(inherited)";
				PRODUCT_NAME = "$(TARGET_NAME)";
				PROVISIONING_PROFILE = "";
				SWIFT_OBJC_BRIDGING_HEADER = "TweetFavs/TweetFavs-Bridging-Header.h";
				SWIFT_OPTIMIZATION_LEVEL = "-Onone";
				USER_HEADER_SEARCH_PATHS = "";
				WRAPPER_EXTENSION = app;
			};
			name = Debug;
		};
		3BAD9CCB1772B2B200F6FFCA /* Release */ = {
			isa = XCBuildConfiguration;
			baseConfigurationReference = 2D26A07BA50E17914DC3E193 /* Pods-TweetFavs.release.xcconfig */;
			buildSettings = {
				ALWAYS_SEARCH_USER_PATHS = YES;
				CLANG_ENABLE_MODULES = YES;
				CODE_SIGN_IDENTITY = "iPhone Developer";
				"CODE_SIGN_IDENTITY[sdk=iphoneos*]" = "iPhone Developer";
				DEFINES_MODULE = YES;
				FRAMEWORK_SEARCH_PATHS = (
					"$(inherited)",
					"$(PROJECT_DIR)",
				);
				GCC_PRECOMPILE_PREFIX_HEADER = YES;
				GCC_PREFIX_HEADER = "TweetFavs/TweetFavs-Prefix.pch";
				INFOPLIST_FILE = "TweetFavs/TweetFavs-Info.plist";
				IPHONEOS_DEPLOYMENT_TARGET = 8.1;
				LD_RUNPATH_SEARCH_PATHS = "$(inherited) @executable_path/Frameworks";
				LIBRARY_SEARCH_PATHS = "$(inherited)";
				OTHER_LDFLAGS = "$(inherited)";
				PRODUCT_NAME = "$(TARGET_NAME)";
				PROVISIONING_PROFILE = "";
				"PROVISIONING_PROFILE[sdk=iphoneos*]" = "";
				SWIFT_OBJC_BRIDGING_HEADER = "TweetFavs/TweetFavs-Bridging-Header.h";
				USER_HEADER_SEARCH_PATHS = "";
				WRAPPER_EXTENSION = app;
			};
			name = Release;
		};
/* End XCBuildConfiguration section */

/* Begin XCConfigurationList section */
		3BAD9CA11772B2B200F6FFCA /* Build configuration list for PBXProject "TweetFavs" */ = {
			isa = XCConfigurationList;
			buildConfigurations = (
				3BAD9CC71772B2B200F6FFCA /* Debug */,
				3BAD9CC81772B2B200F6FFCA /* Release */,
			);
			defaultConfigurationIsVisible = 0;
			defaultConfigurationName = Release;
		};
		3BAD9CC91772B2B200F6FFCA /* Build configuration list for PBXNativeTarget "TweetFavs" */ = {
			isa = XCConfigurationList;
			buildConfigurations = (
				3BAD9CCA1772B2B200F6FFCA /* Debug */,
				3BAD9CCB1772B2B200F6FFCA /* Release */,
			);
			defaultConfigurationIsVisible = 0;
			defaultConfigurationName = Release;
		};
/* End XCConfigurationList section */
	};
	rootObject = 3BAD9C9E1772B2B200F6FFCA /* Project object */;
}
